
Microsoft Visual Studio Solution File, Format Version 12.00
# Visual Studio Version 17
VisualStudioVersion = 17.10.34928.147
MinimumVisualStudioVersion = 10.0.40219.1
Project("{FAE04EC0-301F-11D3-BF4B-00C04F79EFBC}") = "APICatalogo", "APICatalogo\APICatalogo.csproj", "{06F7E765-98B6-448A-BC5D-CD378C098C22}"
EndProject
Global
	GlobalSection(SolutionConfigurationPlatforms) = preSolution
		Debug|Any CPU = Debug|Any CPU
		Release|Any CPU = Release|Any CPU
	EndGlobalSection
	GlobalSection(ProjectConfigurationPlatforms) = postSolution
		{06F7E765-98B6-448A-BC5D-CD378C098C22}.Debug|Any CPU.ActiveCfg = Debug|Any CPU
		{06F7E765-98B6-448A-BC5D-CD378C098C22}.Debug|Any CPU.Build.0 = Debug|Any CPU
		{06F7E765-98B6-448A-BC5D-CD378C098C22}.Release|Any CPU.ActiveCfg = Release|Any CPU
		{06F7E765-98B6-448A-BC5D-CD378C098C22}.Release|Any CPU.Build.0 = Release|Any CPU
	EndGlobalSection
	GlobalSection(SolutionProperties) = preSolution
		HideSolutionNode = FALSE
	EndGlobalSection
	GlobalSection(ExtensibilityGlobals) = postSolution
		SolutionGuid = {06048B9D-A0A5-4FAD-BE97-5DDF807215C8}
	EndGlobalSection
EndGlobal
